{
    "version": 3,
    "terraform_version": "0.7.9",
    "serial": 11,
    "lineage": "17a4afec-38e4-4596-9b60-7ee4523fb8e0",
    "modules": [
        {
            "path": [
                "root"
            ],
            "outputs": {},
            "resources": {
                "aws_route53_record.www_willhy_com": {
                    "type": "aws_route53_record",
                    "depends_on": [
                        "aws_route53_zone.willhy_com",
                        "aws_s3_bucket.www_willhy_com",
                        "aws_s3_bucket.www_willhy_com"
                    ],
                    "primary": {
                        "id": "Z38BPI08URHDR5_www.willhy.com_A",
                        "attributes": {
                            "alias.#": "1",
                            "alias.1513554132.evaluate_target_health": "false",
                            "alias.1513554132.name": "s3-website-us-east-1.amazonaws.com",
                            "alias.1513554132.zone_id": "Z3AQBSTGFYJSTF",
                            "fqdn": "www.willhy.com",
                            "health_check_id": "",
                            "id": "Z38BPI08URHDR5_www.willhy.com_A",
                            "name": "www.willhy.com",
                            "records.#": "0",
                            "set_identifier": "",
                            "ttl": "0",
                            "type": "A",
                            "zone_id": "Z38BPI08URHDR5"
                        },
                        "meta": {
                            "schema_version": "2"
                        },
                        "tainted": false
                    },
                    "deposed": [],
                    "provider": ""
                },
                "aws_route53_zone.willhy_com": {
                    "type": "aws_route53_zone",
                    "depends_on": [],
                    "primary": {
                        "id": "Z38BPI08URHDR5",
                        "attributes": {
                            "comment": "Managed by Terraform",
                            "force_destroy": "false",
                            "id": "Z38BPI08URHDR5",
                            "name": "willhy.com",
                            "name_servers.#": "4",
                            "name_servers.0": "ns-1223.awsdns-24.org",
                            "name_servers.1": "ns-131.awsdns-16.com",
                            "name_servers.2": "ns-1710.awsdns-21.co.uk",
                            "name_servers.3": "ns-943.awsdns-53.net",
                            "tags.%": "0",
                            "zone_id": "Z38BPI08URHDR5"
                        },
                        "meta": {},
                        "tainted": false
                    },
                    "deposed": [],
                    "provider": ""
                },
                "aws_s3_bucket.willhy_com": {
                    "type": "aws_s3_bucket",
                    "depends_on": [],
                    "primary": {
                        "id": "willhy.com",
                        "attributes": {
                            "acceleration_status": "",
                            "acl": "public-read",
                            "arn": "arn:aws:s3:::willhy.com",
                            "bucket": "willhy.com",
                            "force_destroy": "false",
                            "hosted_zone_id": "Z3AQBSTGFYJSTF",
                            "id": "willhy.com",
                            "region": "us-east-1",
                            "request_payer": "BucketOwner",
                            "tags.%": "0",
                            "website.#": "1",
                            "website.0.error_document": "",
                            "website.0.index_document": "index.html",
                            "website.0.redirect_all_requests_to": "",
                            "website.0.routing_rules": "",
                            "website_domain": "s3-website-us-east-1.amazonaws.com",
                            "website_endpoint": "willhy.com.s3-website-us-east-1.amazonaws.com"
                        },
                        "meta": {},
                        "tainted": false
                    },
                    "deposed": [],
                    "provider": ""
                },
                "aws_s3_bucket.www_willhy_com": {
                    "type": "aws_s3_bucket",
                    "depends_on": [],
                    "primary": {
                        "id": "www.willhy.com",
                        "attributes": {
                            "acceleration_status": "",
                            "acl": "public-read",
                            "arn": "arn:aws:s3:::www.willhy.com",
                            "bucket": "www.willhy.com",
                            "force_destroy": "false",
                            "hosted_zone_id": "Z3AQBSTGFYJSTF",
                            "id": "www.willhy.com",
                            "region": "us-east-1",
                            "request_payer": "BucketOwner",
                            "tags.%": "0",
                            "website.#": "1",
                            "website.0.error_document": "",
                            "website.0.index_document": "",
                            "website.0.redirect_all_requests_to": "willhy.com",
                            "website.0.routing_rules": "",
                            "website_domain": "s3-website-us-east-1.amazonaws.com",
                            "website_endpoint": "www.willhy.com.s3-website-us-east-1.amazonaws.com"
                        },
                        "meta": {},
                        "tainted": false
                    },
                    "deposed": [],
                    "provider": ""
                },
                "aws_s3_bucket_object.test_index": {
                    "type": "aws_s3_bucket_object",
                    "depends_on": [
                        "aws_s3_bucket.willhy_com"
                    ],
                    "primary": {
                        "id": "index.html",
                        "attributes": {
                            "acl": "public-read",
                            "bucket": "willhy.com",
                            "cache_control": "",
                            "content": "\u003chtml\u003e\u003cbody\u003ehey\u003c/body\u003e\u003c/html\u003e",
                            "content_disposition": "",
                            "content_encoding": "",
                            "content_language": "",
                            "content_type": "text/html",
                            "etag": "714ddd67071200ea5eb27c1166afbc6c",
                            "id": "index.html",
                            "key": "index.html",
                            "kms_key_id": "",
                            "storage_class": "STANDARD",
                            "version_id": ""
                        },
                        "meta": {},
                        "tainted": false
                    },
                    "deposed": [],
                    "provider": ""
                }
            },
            "depends_on": []
        }
    ]
}
